
Microsoft Visual Studio Solution File, Format Version 12.00
# Visual Studio Version 16
VisualStudioVersion = 16.0.31613.86
MinimumVisualStudioVersion = 10.0.40219.1
Project("{8BC9CEB8-8B4A-11D0-8D11-00A0C91BC942}") = "xd1", "xd1\xd1.vcxproj", "{DBE3C9DD-F4EA-4BF7-8732-7D3C65CEEE1D}"
EndProject
Global
	GlobalSection(SolutionConfigurationPlatforms) = preSolution
		Debug|x64 = Debug|x64
		Debug|x86 = Debug|x86
		Release|x64 = Release|x64
		Release|x86 = Release|x86
	EndGlobalSection
	GlobalSection(ProjectConfigurationPlatforms) = postSolution
		{DBE3C9DD-F4EA-4BF7-8732-7D3C65CEEE1D}.Debug|x64.ActiveCfg = Debug|x64
		{DBE3C9DD-F4EA-4BF7-8732-7D3C65CEEE1D}.Debug|x64.Build.0 = Debug|x64
		{DBE3C9DD-F4EA-4BF7-8732-7D3C65CEEE1D}.Debug|x86.ActiveCfg = Debug|Win32
		{DBE3C9DD-F4EA-4BF7-8732-7D3C65CEEE1D}.Debug|x86.Build.0 = Debug|Win32
		{DBE3C9DD-F4EA-4BF7-8732-7D3C65CEEE1D}.Release|x64.ActiveCfg = Release|x64
		{DBE3C9DD-F4EA-4BF7-8732-7D3C65CEEE1D}.Release|x64.Build.0 = Release|x64
		{DBE3C9DD-F4EA-4BF7-8732-7D3C65CEEE1D}.Release|x86.ActiveCfg = Release|Win32
		{DBE3C9DD-F4EA-4BF7-8732-7D3C65CEEE1D}.Release|x86.Build.0 = Release|Win32
	EndGlobalSection
	GlobalSection(SolutionProperties) = preSolution
		HideSolutionNode = FALSE
	EndGlobalSection
	GlobalSection(ExtensibilityGlobals) = postSolution
		SolutionGuid = {EA66ED78-932F-4DD2-822A-5B7609A6294D}
	EndGlobalSection
EndGlobal
